Microsoft Visual Studio Solution File, Format Version 12.00
# Visual Studio Version 16
VisualStudioVersion = 16.0.0.0
MinimumVisualStudioVersion = 16.0.0.0
Project("{9A19103F-16F7-4668-BE54-9A1E7A4F7556}") = "CatTrackerDemo", "CatTrackerDemo\CatTrackerDemo.csproj", "{4C1E61E9-D7C4-4A4F-BBB4-3DD53747160C}"
EndProject
Project("{FAE04EC0-301F-11D3-BF4B-00C04F79EFBC}") = "CatTrackerDemo.Android", "CatTrackerDemo.Android\CatTrackerDemo.Android.csproj", "{F32E581F-A644-4552-96B0-F55F36CF389F}"
EndProject
Project("{FAE04EC0-301F-11D3-BF4B-00C04F79EFBC}") = "CatTrackerDemo.iOS", "CatTrackerDemo.iOS\CatTrackerDemo.iOS.csproj", "{4D6D477E-0924-4000-BDA0-E904F5335BFF}"
EndProject
Project("{9A19103F-16F7-4668-BE54-9A1E7A4F7556}") = "CatTrackerDemo.Windows", "CatTrackerDemo.Windows\CatTrackerDemo.Windows.csproj", "{D0776CAB-CBCD-4E9C-AE47-44A1F1E79B0A}"
EndProject
Project("{FAE04EC0-301F-11D3-BF4B-00C04F79EFBC}") = "CatTrackerDemo.macOS", "CatTrackerDemo.macOS\CatTrackerDemo.macOS.csproj", "{59F25F1A-FEFC-4705-9963-A51414059720}"
EndProject
Project("{9A19103F-16F7-4668-BE54-9A1E7A4F7556}") = "CatTrackerWebUILibrary", "CatTrackerWebUILibrary\CatTrackerWebUILibrary.csproj", "{03619938-8ACB-493A-98FE-4EDC465039A3}"
EndProject
Project("{9A19103F-16F7-4668-BE54-9A1E7A4F7556}") = "CatTrackerDemo.Web", "CatTrackerDemo.Web\CatTrackerDemo.Web.csproj", "{220A32AE-C69C-4568-A3F5-C14F47876C3F}"
EndProject
Project("{2150E333-8FDC-42A3-9474-1A3956D46DE8}") = "Solution Items", "Solution Items", "{03F83608-94FF-4D13-915B-7BFF724A797A}"
	ProjectSection(SolutionItems) = preProject
		Readme.md = Readme.md
	EndProjectSection
EndProject
Project("{FAE04EC0-301F-11D3-BF4B-00C04F79EFBC}") = "CatTrackerWasm.Web", "CatTrackerWasm.Web\CatTrackerWasm.Web.csproj", "{1D2B1719-8AE2-498D-828E-780651AAF5F1}"
EndProject
Global
	GlobalSection(SolutionConfigurationPlatforms) = preSolution
		Debug|Any CPU = Debug|Any CPU
		Debug|iPhone = Debug|iPhone
		Debug|iPhoneSimulator = Debug|iPhoneSimulator
		Debug|x64 = Debug|x64
		Debug|x86 = Debug|x86
		Release|Any CPU = Release|Any CPU
		Release|iPhone = Release|iPhone
		Release|iPhoneSimulator = Release|iPhoneSimulator
		Release|x64 = Release|x64
		Release|x86 = Release|x86
	EndGlobalSection
	GlobalSection(ProjectConfigurationPlatforms) = postSolution
		{4C1E61E9-D7C4-4A4F-BBB4-3DD53747160C}.Debug|Any CPU.ActiveCfg = Debug|Any CPU
		{4C1E61E9-D7C4-4A4F-BBB4-3DD53747160C}.Debug|Any CPU.Build.0 = Debug|Any CPU
		{4C1E61E9-D7C4-4A4F-BBB4-3DD53747160C}.Debug|iPhone.ActiveCfg = Debug|Any CPU
		{4C1E61E9-D7C4-4A4F-BBB4-3DD53747160C}.Debug|iPhone.Build.0 = Debug|Any CPU
		{4C1E61E9-D7C4-4A4F-BBB4-3DD53747160C}.Debug|iPhoneSimulator.ActiveCfg = Debug|Any CPU
		{4C1E61E9-D7C4-4A4F-BBB4-3DD53747160C}.Debug|iPhoneSimulator.Build.0 = Debug|Any CPU
		{4C1E61E9-D7C4-4A4F-BBB4-3DD53747160C}.Debug|x64.ActiveCfg = Debug|Any CPU
		{4C1E61E9-D7C4-4A4F-BBB4-3DD53747160C}.Debug|x64.Build.0 = Debug|Any CPU
		{4C1E61E9-D7C4-4A4F-BBB4-3DD53747160C}.Debug|x86.ActiveCfg = Debug|Any CPU
		{4C1E61E9-D7C4-4A4F-BBB4-3DD53747160C}.Debug|x86.Build.0 = Debug|Any CPU
		{4C1E61E9-D7C4-4A4F-BBB4-3DD53747160C}.Release|Any CPU.ActiveCfg = Release|Any CPU
		{4C1E61E9-D7C4-4A4F-BBB4-3DD53747160C}.Release|Any CPU.Build.0 = Release|Any CPU
		{4C1E61E9-D7C4-4A4F-BBB4-3DD53747160C}.Release|iPhone.ActiveCfg = Release|Any CPU
		{4C1E61E9-D7C4-4A4F-BBB4-3DD53747160C}.Release|iPhone.Build.0 = Release|Any CPU
		{4C1E61E9-D7C4-4A4F-BBB4-3DD53747160C}.Release|iPhoneSimulator.ActiveCfg = Release|Any CPU
		{4C1E61E9-D7C4-4A4F-BBB4-3DD53747160C}.Release|iPhoneSimulator.Build.0 = Release|Any CPU
		{4C1E61E9-D7C4-4A4F-BBB4-3DD53747160C}.Release|x64.ActiveCfg = Release|Any CPU
		{4C1E61E9-D7C4-4A4F-BBB4-3DD53747160C}.Release|x64.Build.0 = Release|Any CPU
		{4C1E61E9-D7C4-4A4F-BBB4-3DD53747160C}.Release|x86.ActiveCfg = Release|Any CPU
		{4C1E61E9-D7C4-4A4F-BBB4-3DD53747160C}.Release|x86.Build.0 = Release|Any CPU
		{F32E581F-A644-4552-96B0-F55F36CF389F}.Debug|Any CPU.ActiveCfg = Debug|Any CPU
		{F32E581F-A644-4552-96B0-F55F36CF389F}.Debug|Any CPU.Build.0 = Debug|Any CPU
		{F32E581F-A644-4552-96B0-F55F36CF389F}.Debug|Any CPU.Deploy.0 = Debug|Any CPU
		{F32E581F-A644-4552-96B0-F55F36CF389F}.Debug|iPhone.ActiveCfg = Debug|Any CPU
		{F32E581F-A644-4552-96B0-F55F36CF389F}.Debug|iPhone.Build.0 = Debug|Any CPU
		{F32E581F-A644-4552-96B0-F55F36CF389F}.Debug|iPhone.Deploy.0 = Debug|Any CPU
		{F32E581F-A644-4552-96B0-F55F36CF389F}.Debug|iPhoneSimulator.ActiveCfg = Debug|Any CPU
		{F32E581F-A644-4552-96B0-F55F36CF389F}.Debug|iPhoneSimulator.Build.0 = Debug|Any CPU
		{F32E581F-A644-4552-96B0-F55F36CF389F}.Debug|iPhoneSimulator.Deploy.0 = Debug|Any CPU
		{F32E581F-A644-4552-96B0-F55F36CF389F}.Debug|x64.ActiveCfg = Debug|Any CPU
		{F32E581F-A644-4552-96B0-F55F36CF389F}.Debug|x64.Build.0 = Debug|Any CPU
		{F32E581F-A644-4552-96B0-F55F36CF389F}.Debug|x64.Deploy.0 = Debug|Any CPU
		{F32E581F-A644-4552-96B0-F55F36CF389F}.Debug|x86.ActiveCfg = Debug|Any CPU
		{F32E581F-A644-4552-96B0-F55F36CF389F}.Debug|x86.Build.0 = Debug|Any CPU
		{F32E581F-A644-4552-96B0-F55F36CF389F}.Debug|x86.Deploy.0 = Debug|Any CPU
		{F32E581F-A644-4552-96B0-F55F36CF389F}.Release|Any CPU.ActiveCfg = Release|Any CPU
		{F32E581F-A644-4552-96B0-F55F36CF389F}.Release|Any CPU.Build.0 = Release|Any CPU
		{F32E581F-A644-4552-96B0-F55F36CF389F}.Release|Any CPU.Deploy.0 = Release|Any CPU
		{F32E581F-A644-4552-96B0-F55F36CF389F}.Release|iPhone.ActiveCfg = Release|Any CPU
		{F32E581F-A644-4552-96B0-F55F36CF389F}.Release|iPhone.Build.0 = Release|Any CPU
		{F32E581F-A644-4552-96B0-F55F36CF389F}.Release|iPhone.Deploy.0 = Release|Any CPU
		{F32E581F-A644-4552-96B0-F55F36CF389F}.Release|iPhoneSimulator.ActiveCfg = Release|Any CPU
		{F32E581F-A644-4552-96B0-F55F36CF389F}.Release|iPhoneSimulator.Build.0 = Release|Any CPU
		{F32E581F-A644-4552-96B0-F55F36CF389F}.Release|iPhoneSimulator.Deploy.0 = Release|Any CPU
		{F32E581F-A644-4552-96B0-F55F36CF389F}.Release|x64.ActiveCfg = Release|Any CPU
		{F32E581F-A644-4552-96B0-F55F36CF389F}.Release|x64.Build.0 = Release|Any CPU
		{F32E581F-A644-4552-96B0-F55F36CF389F}.Release|x64.Deploy.0 = Release|Any CPU
		{F32E581F-A644-4552-96B0-F55F36CF389F}.Release|x86.ActiveCfg = Release|Any CPU
		{F32E581F-A644-4552-96B0-F55F36CF389F}.Release|x86.Build.0 = Release|Any CPU
		{F32E581F-A644-4552-96B0-F55F36CF389F}.Release|x86.Deploy.0 = Release|Any CPU
		{4D6D477E-0924-4000-BDA0-E904F5335BFF}.Debug|Any CPU.ActiveCfg = Debug|iPhone
		{4D6D477E-0924-4000-BDA0-E904F5335BFF}.Debug|iPhone.ActiveCfg = Debug|iPhone
		{4D6D477E-0924-4000-BDA0-E904F5335BFF}.Debug|iPhone.Build.0 = Debug|iPhone
		{4D6D477E-0924-4000-BDA0-E904F5335BFF}.Debug|iPhoneSimulator.ActiveCfg = Debug|iPhoneSimulator
		{4D6D477E-0924-4000-BDA0-E904F5335BFF}.Debug|iPhoneSimulator.Build.0 = Debug|iPhoneSimulator
		{4D6D477E-0924-4000-BDA0-E904F5335BFF}.Debug|x64.ActiveCfg = Debug|iPhone
		{4D6D477E-0924-4000-BDA0-E904F5335BFF}.Debug|x86.ActiveCfg = Debug|iPhone
		{4D6D477E-0924-4000-BDA0-E904F5335BFF}.Release|Any CPU.ActiveCfg = Release|iPhone
		{4D6D477E-0924-4000-BDA0-E904F5335BFF}.Release|iPhone.ActiveCfg = Release|iPhone
		{4D6D477E-0924-4000-BDA0-E904F5335BFF}.Release|iPhone.Build.0 = Release|iPhone
		{4D6D477E-0924-4000-BDA0-E904F5335BFF}.Release|iPhoneSimulator.ActiveCfg = Release|iPhoneSimulator
		{4D6D477E-0924-4000-BDA0-E904F5335BFF}.Release|iPhoneSimulator.Build.0 = Release|iPhoneSimulator
		{4D6D477E-0924-4000-BDA0-E904F5335BFF}.Release|x64.ActiveCfg = Release|iPhone
		{4D6D477E-0924-4000-BDA0-E904F5335BFF}.Release|x86.ActiveCfg = Release|iPhone
		{D0776CAB-CBCD-4E9C-AE47-44A1F1E79B0A}.Debug|Any CPU.ActiveCfg = Debug|Any CPU
		{D0776CAB-CBCD-4E9C-AE47-44A1F1E79B0A}.Debug|Any CPU.Build.0 = Debug|Any CPU
		{D0776CAB-CBCD-4E9C-AE47-44A1F1E79B0A}.Debug|iPhone.ActiveCfg = Debug|Any CPU
		{D0776CAB-CBCD-4E9C-AE47-44A1F1E79B0A}.Debug|iPhone.Build.0 = Debug|Any CPU
		{D0776CAB-CBCD-4E9C-AE47-44A1F1E79B0A}.Debug|iPhoneSimulator.ActiveCfg = Debug|Any CPU
		{D0776CAB-CBCD-4E9C-AE47-44A1F1E79B0A}.Debug|iPhoneSimulator.Build.0 = Debug|Any CPU
		{D0776CAB-CBCD-4E9C-AE47-44A1F1E79B0A}.Debug|x64.ActiveCfg = Debug|Any CPU
		{D0776CAB-CBCD-4E9C-AE47-44A1F1E79B0A}.Debug|x64.Build.0 = Debug|Any CPU
		{D0776CAB-CBCD-4E9C-AE47-44A1F1E79B0A}.Debug|x86.ActiveCfg = Debug|Any CPU
		{D0776CAB-CBCD-4E9C-AE47-44A1F1E79B0A}.Debug|x86.Build.0 = Debug|Any CPU
		{D0776CAB-CBCD-4E9C-AE47-44A1F1E79B0A}.Release|Any CPU.ActiveCfg = Release|Any CPU
		{D0776CAB-CBCD-4E9C-AE47-44A1F1E79B0A}.Release|Any CPU.Build.0 = Release|Any CPU
		{D0776CAB-CBCD-4E9C-AE47-44A1F1E79B0A}.Release|iPhone.ActiveCfg = Release|Any CPU
		{D0776CAB-CBCD-4E9C-AE47-44A1F1E79B0A}.Release|iPhone.Build.0 = Release|Any CPU
		{D0776CAB-CBCD-4E9C-AE47-44A1F1E79B0A}.Release|iPhoneSimulator.ActiveCfg = Release|Any CPU
		{D0776CAB-CBCD-4E9C-AE47-44A1F1E79B0A}.Release|iPhoneSimulator.Build.0 = Release|Any CPU
		{D0776CAB-CBCD-4E9C-AE47-44A1F1E79B0A}.Release|x64.ActiveCfg = Release|Any CPU
		{D0776CAB-CBCD-4E9C-AE47-44A1F1E79B0A}.Release|x64.Build.0 = Release|Any CPU
		{D0776CAB-CBCD-4E9C-AE47-44A1F1E79B0A}.Release|x86.ActiveCfg = Release|Any CPU
		{D0776CAB-CBCD-4E9C-AE47-44A1F1E79B0A}.Release|x86.Build.0 = Release|Any CPU
		{59F25F1A-FEFC-4705-9963-A51414059720}.Debug|Any CPU.ActiveCfg = Debug|Any CPU
		{59F25F1A-FEFC-4705-9963-A51414059720}.Debug|Any CPU.Build.0 = Debug|Any CPU
		{59F25F1A-FEFC-4705-9963-A51414059720}.Debug|iPhone.ActiveCfg = Debug|Any CPU
		{59F25F1A-FEFC-4705-9963-A51414059720}.Debug|iPhone.Build.0 = Debug|Any CPU
		{59F25F1A-FEFC-4705-9963-A51414059720}.Debug|iPhoneSimulator.ActiveCfg = Debug|Any CPU
		{59F25F1A-FEFC-4705-9963-A51414059720}.Debug|iPhoneSimulator.Build.0 = Debug|Any CPU
		{59F25F1A-FEFC-4705-9963-A51414059720}.Debug|x64.ActiveCfg = Debug|Any CPU
		{59F25F1A-FEFC-4705-9963-A51414059720}.Debug|x64.Build.0 = Debug|Any CPU
		{59F25F1A-FEFC-4705-9963-A51414059720}.Debug|x86.ActiveCfg = Debug|Any CPU
		{59F25F1A-FEFC-4705-9963-A51414059720}.Debug|x86.Build.0 = Debug|Any CPU
		{59F25F1A-FEFC-4705-9963-A51414059720}.Release|Any CPU.ActiveCfg = Release|Any CPU
		{59F25F1A-FEFC-4705-9963-A51414059720}.Release|Any CPU.Build.0 = Release|Any CPU
		{59F25F1A-FEFC-4705-9963-A51414059720}.Release|iPhone.ActiveCfg = Release|Any CPU
		{59F25F1A-FEFC-4705-9963-A51414059720}.Release|iPhone.Build.0 = Release|Any CPU
		{59F25F1A-FEFC-4705-9963-A51414059720}.Release|iPhoneSimulator.ActiveCfg = Release|Any CPU
		{59F25F1A-FEFC-4705-9963-A51414059720}.Release|iPhoneSimulator.Build.0 = Release|Any CPU
		{59F25F1A-FEFC-4705-9963-A51414059720}.Release|x64.ActiveCfg = Release|Any CPU
		{59F25F1A-FEFC-4705-9963-A51414059720}.Release|x64.Build.0 = Release|Any CPU
		{59F25F1A-FEFC-4705-9963-A51414059720}.Release|x86.ActiveCfg = Release|Any CPU
		{59F25F1A-FEFC-4705-9963-A51414059720}.Release|x86.Build.0 = Release|Any CPU
		{03619938-8ACB-493A-98FE-4EDC465039A3}.Debug|Any CPU.ActiveCfg = Debug|Any CPU
		{03619938-8ACB-493A-98FE-4EDC465039A3}.Debug|Any CPU.Build.0 = Debug|Any CPU
		{03619938-8ACB-493A-98FE-4EDC465039A3}.Debug|iPhone.ActiveCfg = Debug|Any CPU
		{03619938-8ACB-493A-98FE-4EDC465039A3}.Debug|iPhone.Build.0 = Debug|Any CPU
		{03619938-8ACB-493A-98FE-4EDC465039A3}.Debug|iPhoneSimulator.ActiveCfg = Debug|Any CPU
		{03619938-8ACB-493A-98FE-4EDC465039A3}.Debug|iPhoneSimulator.Build.0 = Debug|Any CPU
		{03619938-8ACB-493A-98FE-4EDC465039A3}.Debug|x64.ActiveCfg = Debug|Any CPU
		{03619938-8ACB-493A-98FE-4EDC465039A3}.Debug|x64.Build.0 = Debug|Any CPU
		{03619938-8ACB-493A-98FE-4EDC465039A3}.Debug|x86.ActiveCfg = Debug|Any CPU
		{03619938-8ACB-493A-98FE-4EDC465039A3}.Debug|x86.Build.0 = Debug|Any CPU
		{03619938-8ACB-493A-98FE-4EDC465039A3}.Release|Any CPU.ActiveCfg = Release|Any CPU
		{03619938-8ACB-493A-98FE-4EDC465039A3}.Release|Any CPU.Build.0 = Release|Any CPU
		{03619938-8ACB-493A-98FE-4EDC465039A3}.Release|iPhone.ActiveCfg = Release|Any CPU
		{03619938-8ACB-493A-98FE-4EDC465039A3}.Release|iPhone.Build.0 = Release|Any CPU
		{03619938-8ACB-493A-98FE-4EDC465039A3}.Release|iPhoneSimulator.ActiveCfg = Release|Any CPU
		{03619938-8ACB-493A-98FE-4EDC465039A3}.Release|iPhoneSimulator.Build.0 = Release|Any CPU
		{03619938-8ACB-493A-98FE-4EDC465039A3}.Release|x64.ActiveCfg = Release|Any CPU
		{03619938-8ACB-493A-98FE-4EDC465039A3}.Release|x64.Build.0 = Release|Any CPU
		{03619938-8ACB-493A-98FE-4EDC465039A3}.Release|x86.ActiveCfg = Release|Any CPU
		{03619938-8ACB-493A-98FE-4EDC465039A3}.Release|x86.Build.0 = Release|Any CPU
		{220A32AE-C69C-4568-A3F5-C14F47876C3F}.Debug|Any CPU.ActiveCfg = Debug|Any CPU
		{220A32AE-C69C-4568-A3F5-C14F47876C3F}.Debug|Any CPU.Build.0 = Debug|Any CPU
		{220A32AE-C69C-4568-A3F5-C14F47876C3F}.Debug|iPhone.ActiveCfg = Debug|Any CPU
		{220A32AE-C69C-4568-A3F5-C14F47876C3F}.Debug|iPhone.Build.0 = Debug|Any CPU
		{220A32AE-C69C-4568-A3F5-C14F47876C3F}.Debug|iPhoneSimulator.ActiveCfg = Debug|Any CPU
		{220A32AE-C69C-4568-A3F5-C14F47876C3F}.Debug|iPhoneSimulator.Build.0 = Debug|Any CPU
		{220A32AE-C69C-4568-A3F5-C14F47876C3F}.Debug|x64.ActiveCfg = Debug|Any CPU
		{220A32AE-C69C-4568-A3F5-C14F47876C3F}.Debug|x64.Build.0 = Debug|Any CPU
		{220A32AE-C69C-4568-A3F5-C14F47876C3F}.Debug|x86.ActiveCfg = Debug|Any CPU
		{220A32AE-C69C-4568-A3F5-C14F47876C3F}.Debug|x86.Build.0 = Debug|Any CPU
		{220A32AE-C69C-4568-A3F5-C14F47876C3F}.Release|Any CPU.ActiveCfg = Release|Any CPU
		{220A32AE-C69C-4568-A3F5-C14F47876C3F}.Release|Any CPU.Build.0 = Release|Any CPU
		{220A32AE-C69C-4568-A3F5-C14F47876C3F}.Release|iPhone.ActiveCfg = Release|Any CPU
		{220A32AE-C69C-4568-A3F5-C14F47876C3F}.Release|iPhone.Build.0 = Release|Any CPU
		{220A32AE-C69C-4568-A3F5-C14F47876C3F}.Release|iPhoneSimulator.ActiveCfg = Release|Any CPU
		{220A32AE-C69C-4568-A3F5-C14F47876C3F}.Release|iPhoneSimulator.Build.0 = Release|Any CPU
		{220A32AE-C69C-4568-A3F5-C14F47876C3F}.Release|x64.ActiveCfg = Release|Any CPU
		{220A32AE-C69C-4568-A3F5-C14F47876C3F}.Release|x64.Build.0 = Release|Any CPU
		{220A32AE-C69C-4568-A3F5-C14F47876C3F}.Release|x86.ActiveCfg = Release|Any CPU
		{220A32AE-C69C-4568-A3F5-C14F47876C3F}.Release|x86.Build.0 = Release|Any CPU
		{1D2B1719-8AE2-498D-828E-780651AAF5F1}.Debug|Any CPU.ActiveCfg = Debug|Any CPU
		{1D2B1719-8AE2-498D-828E-780651AAF5F1}.Debug|Any CPU.Build.0 = Debug|Any CPU
		{1D2B1719-8AE2-498D-828E-780651AAF5F1}.Debug|iPhone.ActiveCfg = Debug|Any CPU
		{1D2B1719-8AE2-498D-828E-780651AAF5F1}.Debug|iPhone.Build.0 = Debug|Any CPU
		{1D2B1719-8AE2-498D-828E-780651AAF5F1}.Debug|iPhoneSimulator.ActiveCfg = Debug|Any CPU
		{1D2B1719-8AE2-498D-828E-780651AAF5F1}.Debug|iPhoneSimulator.Build.0 = Debug|Any CPU
		{1D2B1719-8AE2-498D-828E-780651AAF5F1}.Debug|x64.ActiveCfg = Debug|Any CPU
		{1D2B1719-8AE2-498D-828E-780651AAF5F1}.Debug|x64.Build.0 = Debug|Any CPU
		{1D2B1719-8AE2-498D-828E-780651AAF5F1}.Debug|x86.ActiveCfg = Debug|Any CPU
		{1D2B1719-8AE2-498D-828E-780651AAF5F1}.Debug|x86.Build.0 = Debug|Any CPU
		{1D2B1719-8AE2-498D-828E-780651AAF5F1}.Release|Any CPU.ActiveCfg = Release|Any CPU
		{1D2B1719-8AE2-498D-828E-780651AAF5F1}.Release|Any CPU.Build.0 = Release|Any CPU
		{1D2B1719-8AE2-498D-828E-780651AAF5F1}.Release|iPhone.ActiveCfg = Release|Any CPU
		{1D2B1719-8AE2-498D-828E-780651AAF5F1}.Release|iPhone.Build.0 = Release|Any CPU
		{1D2B1719-8AE2-498D-828E-780651AAF5F1}.Release|iPhoneSimulator.ActiveCfg = Release|Any CPU
		{1D2B1719-8AE2-498D-828E-780651AAF5F1}.Release|iPhoneSimulator.Build.0 = Release|Any CPU
		{1D2B1719-8AE2-498D-828E-780651AAF5F1}.Release|x64.ActiveCfg = Release|Any CPU
		{1D2B1719-8AE2-498D-828E-780651AAF5F1}.Release|x64.Build.0 = Release|Any CPU
		{1D2B1719-8AE2-498D-828E-780651AAF5F1}.Release|x86.ActiveCfg = Release|Any CPU
		{1D2B1719-8AE2-498D-828E-780651AAF5F1}.Release|x86.Build.0 = Release|Any CPU
	EndGlobalSection
	GlobalSection(SolutionProperties) = preSolution
		HideSolutionNode = FALSE
	EndGlobalSection
	GlobalSection(ExtensibilityGlobals) = postSolution
		SolutionGuid = {63B04B41-7256-4BD6-8AB4-719696C4FFE2}
	EndGlobalSection
EndGlobal
